
Microsoft Visual Studio Solution File, Format Version 12.00
# Visual Studio 2012
Project("{FAE04EC0-301F-11D3-BF4B-00C04F79EFBC}") = "Web", "Core\Web\Web.csproj", "{3715076E-A0BF-4EED-A733-E73179FA8201}"
EndProject
Project("{2150E333-8FDC-42A3-9474-1A3956D46DE8}") = "Core", "Core", "{06484F09-B5BC-4C25-9E72-B5E727627B0B}"
EndProject
Project("{2150E333-8FDC-42A3-9474-1A3956D46DE8}") = "Modules", "Modules", "{E3A6320C-2384-4B3E-AEF2-00A077EBBA17}"
EndProject
Project("{2150E333-8FDC-42A3-9474-1A3956D46DE8}") = "Blog", "Blog", "{5CCB3CE0-54AF-4F89-9A45-14E927604BBC}"
EndProject
Project("{FAE04EC0-301F-11D3-BF4B-00C04F79EFBC}") = "Web", "Modules\Blog\Web\Web.csproj", "{4F995CB5-54DE-4F61-948B-BE0FF91B0EA5}"
EndProject
Project("{2150E333-8FDC-42A3-9474-1A3956D46DE8}") = "Documentation", "Documentation", "{CA236AAF-CD14-49DC-99A4-EF1BB679C9EA}"
	ProjectSection(SolutionItems) = preProject
		mainpage.dox = mainpage.dox
	EndProjectSection
EndProject
Project("{FAE04EC0-301F-11D3-BF4B-00C04F79EFBC}") = "Data", "Core\Data\Data.csproj", "{86757DA0-950E-4822-A395-12FE318A1859}"
EndProject
Project("{FAE04EC0-301F-11D3-BF4B-00C04F79EFBC}") = "Model", "Core\Model\Model.csproj", "{4E5ADC53-DFA6-4876-B9CA-CAB8FDF29A6E}"
EndProject
Project("{FAE04EC0-301F-11D3-BF4B-00C04F79EFBC}") = "Service", "Core\Service\Service.csproj", "{2AE481B9-3638-4AB8-BE13-3262124D2166}"
EndProject
Project("{FAE04EC0-301F-11D3-BF4B-00C04F79EFBC}") = "Model", "Modules\Blog\Model\Model.csproj", "{375E8183-78D4-4802-9047-FAB55A924EDA}"
EndProject
Project("{FAE04EC0-301F-11D3-BF4B-00C04F79EFBC}") = "Data", "Modules\Blog\Data\Data.csproj", "{2C92F772-A846-4915-89AC-B90643ABCF47}"
EndProject
Project("{FAE04EC0-301F-11D3-BF4B-00C04F79EFBC}") = "Service", "Modules\Blog\Service\Service.csproj", "{440CD0A0-1219-415E-AC8C-03BAE0C15961}"
EndProject
Project("{2150E333-8FDC-42A3-9474-1A3956D46DE8}") = "Games", "Games", "{EE899557-0737-41D3-8619-BD8A2176399D}"
EndProject
Project("{FAE04EC0-301F-11D3-BF4B-00C04F79EFBC}") = "Web", "Modules\Games\EasyModules.NET.Modules.Games.Web\Web.csproj", "{DEED1E01-53F2-4EFD-A0FD-9828FF55BAE7}"
EndProject
Project("{2150E333-8FDC-42A3-9474-1A3956D46DE8}") = ".nuget", ".nuget", "{BEC344C4-70EB-446A-990E-072D56FDF43B}"
	ProjectSection(SolutionItems) = preProject
		.nuget\NuGet.Config = .nuget\NuGet.Config
		.nuget\NuGet.exe = .nuget\NuGet.exe
		.nuget\NuGet.targets = .nuget\NuGet.targets
	EndProjectSection
EndProject
Project("{2150E333-8FDC-42A3-9474-1A3956D46DE8}") = "Installer", "Installer", "{032D9FB1-B92E-4A3A-8220-C617C9011FE4}"
EndProject
Project("{FAE04EC0-301F-11D3-BF4B-00C04F79EFBC}") = "EasyModules.NET.Installer", "Installer\EasyModules.NET.Installer\EasyModules.NET.Installer.csproj", "{04527938-72A9-4854-81E8-3056DB45A923}"
EndProject
Global
	GlobalSection(SolutionConfigurationPlatforms) = preSolution
		Debug|Any CPU = Debug|Any CPU
		Release|Any CPU = Release|Any CPU
	EndGlobalSection
	GlobalSection(ProjectConfigurationPlatforms) = postSolution
		{3715076E-A0BF-4EED-A733-E73179FA8201}.Debug|Any CPU.ActiveCfg = Debug|Any CPU
		{3715076E-A0BF-4EED-A733-E73179FA8201}.Debug|Any CPU.Build.0 = Debug|Any CPU
		{3715076E-A0BF-4EED-A733-E73179FA8201}.Release|Any CPU.ActiveCfg = Release|Any CPU
		{3715076E-A0BF-4EED-A733-E73179FA8201}.Release|Any CPU.Build.0 = Release|Any CPU
		{4F995CB5-54DE-4F61-948B-BE0FF91B0EA5}.Debug|Any CPU.ActiveCfg = Debug|Any CPU
		{4F995CB5-54DE-4F61-948B-BE0FF91B0EA5}.Debug|Any CPU.Build.0 = Debug|Any CPU
		{4F995CB5-54DE-4F61-948B-BE0FF91B0EA5}.Release|Any CPU.ActiveCfg = Release|Any CPU
		{4F995CB5-54DE-4F61-948B-BE0FF91B0EA5}.Release|Any CPU.Build.0 = Release|Any CPU
		{86757DA0-950E-4822-A395-12FE318A1859}.Debug|Any CPU.ActiveCfg = Debug|Any CPU
		{86757DA0-950E-4822-A395-12FE318A1859}.Debug|Any CPU.Build.0 = Debug|Any CPU
		{86757DA0-950E-4822-A395-12FE318A1859}.Release|Any CPU.ActiveCfg = Release|Any CPU
		{86757DA0-950E-4822-A395-12FE318A1859}.Release|Any CPU.Build.0 = Release|Any CPU
		{4E5ADC53-DFA6-4876-B9CA-CAB8FDF29A6E}.Debug|Any CPU.ActiveCfg = Debug|Any CPU
		{4E5ADC53-DFA6-4876-B9CA-CAB8FDF29A6E}.Debug|Any CPU.Build.0 = Debug|Any CPU
		{4E5ADC53-DFA6-4876-B9CA-CAB8FDF29A6E}.Release|Any CPU.ActiveCfg = Release|Any CPU
		{4E5ADC53-DFA6-4876-B9CA-CAB8FDF29A6E}.Release|Any CPU.Build.0 = Release|Any CPU
		{2AE481B9-3638-4AB8-BE13-3262124D2166}.Debug|Any CPU.ActiveCfg = Debug|Any CPU
		{2AE481B9-3638-4AB8-BE13-3262124D2166}.Debug|Any CPU.Build.0 = Debug|Any CPU
		{2AE481B9-3638-4AB8-BE13-3262124D2166}.Release|Any CPU.ActiveCfg = Release|Any CPU
		{2AE481B9-3638-4AB8-BE13-3262124D2166}.Release|Any CPU.Build.0 = Release|Any CPU
		{375E8183-78D4-4802-9047-FAB55A924EDA}.Debug|Any CPU.ActiveCfg = Debug|Any CPU
		{375E8183-78D4-4802-9047-FAB55A924EDA}.Debug|Any CPU.Build.0 = Debug|Any CPU
		{375E8183-78D4-4802-9047-FAB55A924EDA}.Release|Any CPU.ActiveCfg = Release|Any CPU
		{375E8183-78D4-4802-9047-FAB55A924EDA}.Release|Any CPU.Build.0 = Release|Any CPU
		{2C92F772-A846-4915-89AC-B90643ABCF47}.Debug|Any CPU.ActiveCfg = Debug|Any CPU
		{2C92F772-A846-4915-89AC-B90643ABCF47}.Debug|Any CPU.Build.0 = Debug|Any CPU
		{2C92F772-A846-4915-89AC-B90643ABCF47}.Release|Any CPU.ActiveCfg = Release|Any CPU
		{2C92F772-A846-4915-89AC-B90643ABCF47}.Release|Any CPU.Build.0 = Release|Any CPU
		{440CD0A0-1219-415E-AC8C-03BAE0C15961}.Debug|Any CPU.ActiveCfg = Debug|Any CPU
		{440CD0A0-1219-415E-AC8C-03BAE0C15961}.Debug|Any CPU.Build.0 = Debug|Any CPU
		{440CD0A0-1219-415E-AC8C-03BAE0C15961}.Release|Any CPU.ActiveCfg = Release|Any CPU
		{440CD0A0-1219-415E-AC8C-03BAE0C15961}.Release|Any CPU.Build.0 = Release|Any CPU
		{DEED1E01-53F2-4EFD-A0FD-9828FF55BAE7}.Debug|Any CPU.ActiveCfg = Debug|Any CPU
		{DEED1E01-53F2-4EFD-A0FD-9828FF55BAE7}.Debug|Any CPU.Build.0 = Debug|Any CPU
		{DEED1E01-53F2-4EFD-A0FD-9828FF55BAE7}.Release|Any CPU.ActiveCfg = Release|Any CPU
		{DEED1E01-53F2-4EFD-A0FD-9828FF55BAE7}.Release|Any CPU.Build.0 = Release|Any CPU
		{04527938-72A9-4854-81E8-3056DB45A923}.Debug|Any CPU.ActiveCfg = Debug|Any CPU
		{04527938-72A9-4854-81E8-3056DB45A923}.Debug|Any CPU.Build.0 = Debug|Any CPU
		{04527938-72A9-4854-81E8-3056DB45A923}.Release|Any CPU.ActiveCfg = Release|Any CPU
		{04527938-72A9-4854-81E8-3056DB45A923}.Release|Any CPU.Build.0 = Release|Any CPU
	EndGlobalSection
	GlobalSection(SolutionProperties) = preSolution
		HideSolutionNode = FALSE
	EndGlobalSection
	GlobalSection(NestedProjects) = preSolution
		{3715076E-A0BF-4EED-A733-E73179FA8201} = {06484F09-B5BC-4C25-9E72-B5E727627B0B}
		{86757DA0-950E-4822-A395-12FE318A1859} = {06484F09-B5BC-4C25-9E72-B5E727627B0B}
		{4E5ADC53-DFA6-4876-B9CA-CAB8FDF29A6E} = {06484F09-B5BC-4C25-9E72-B5E727627B0B}
		{2AE481B9-3638-4AB8-BE13-3262124D2166} = {06484F09-B5BC-4C25-9E72-B5E727627B0B}
		{5CCB3CE0-54AF-4F89-9A45-14E927604BBC} = {E3A6320C-2384-4B3E-AEF2-00A077EBBA17}
		{EE899557-0737-41D3-8619-BD8A2176399D} = {E3A6320C-2384-4B3E-AEF2-00A077EBBA17}
		{4F995CB5-54DE-4F61-948B-BE0FF91B0EA5} = {5CCB3CE0-54AF-4F89-9A45-14E927604BBC}
		{375E8183-78D4-4802-9047-FAB55A924EDA} = {5CCB3CE0-54AF-4F89-9A45-14E927604BBC}
		{2C92F772-A846-4915-89AC-B90643ABCF47} = {5CCB3CE0-54AF-4F89-9A45-14E927604BBC}
		{440CD0A0-1219-415E-AC8C-03BAE0C15961} = {5CCB3CE0-54AF-4F89-9A45-14E927604BBC}
		{DEED1E01-53F2-4EFD-A0FD-9828FF55BAE7} = {EE899557-0737-41D3-8619-BD8A2176399D}
		{04527938-72A9-4854-81E8-3056DB45A923} = {032D9FB1-B92E-4A3A-8220-C617C9011FE4}
	EndGlobalSection
EndGlobal
